// !$*UTF8*$!
{
	archiveVersion = 1;
	classes = {
	};
	objectVersion = 55;
	objects = {

/* Begin PBXBuildFile section */
		198CCD9B9C2269A010C919CA /* Pods_GBShop.framework in Frameworks */ = {isa = PBXBuildFile; fileRef = 900802939EBB58445CB8852D /* Pods_GBShop.framework */; };
		2375896951660D71713D1C2D /* Pods_GBShop_GBShopUITests.framework in Frameworks */ = {isa = PBXBuildFile; fileRef = E2245458AADF0903C6EAFB57 /* Pods_GBShop_GBShopUITests.framework */; };
		9B37B5DC75E55B2DD8863F43 /* Pods_GBShopTests.framework in Frameworks */ = {isa = PBXBuildFile; fileRef = E0E52BC9F4102D5C6C12A905 /* Pods_GBShopTests.framework */; };
		C1748CF2289BAB0D003D787B /* AppDelegate.swift in Sources */ = {isa = PBXBuildFile; fileRef = C1748CF1289BAB0D003D787B /* AppDelegate.swift */; };
		C1748CFB289BAB10003D787B /* Assets.xcassets in Resources */ = {isa = PBXBuildFile; fileRef = C1748CFA289BAB10003D787B /* Assets.xcassets */; };
		C1748CFE289BAB10003D787B /* LaunchScreen.storyboard in Resources */ = {isa = PBXBuildFile; fileRef = C1748CFC289BAB10003D787B /* LaunchScreen.storyboard */; };
		C1748D09289BAB10003D787B /* GBShopTests.swift in Sources */ = {isa = PBXBuildFile; fileRef = C1748D08289BAB10003D787B /* GBShopTests.swift */; };
		C1748D13289BAB10003D787B /* GBShopUITests.swift in Sources */ = {isa = PBXBuildFile; fileRef = C1748D12289BAB10003D787B /* GBShopUITests.swift */; };
		C1748D15289BAB10003D787B /* GBShopUITestsLaunchTests.swift in Sources */ = {isa = PBXBuildFile; fileRef = C1748D14289BAB10003D787B /* GBShopUITestsLaunchTests.swift */; };
		C18CA7F3289D017E001BFCFB /* AbstractErrorParser.swift in Sources */ = {isa = PBXBuildFile; fileRef = C18CA7F2289D017E001BFCFB /* AbstractErrorParser.swift */; };
		C18CA7F5289D0198001BFCFB /* DataRequest.swift in Sources */ = {isa = PBXBuildFile; fileRef = C18CA7F4289D0198001BFCFB /* DataRequest.swift */; };
		C18CA7F7289D3526001BFCFB /* ErrorParser.swift in Sources */ = {isa = PBXBuildFile; fileRef = C18CA7F6289D3526001BFCFB /* ErrorParser.swift */; };
		C18CA7F9289D3B68001BFCFB /* RequestRouter.swift in Sources */ = {isa = PBXBuildFile; fileRef = C18CA7F8289D3B68001BFCFB /* RequestRouter.swift */; };
		C18CA7FB289D40B3001BFCFB /* LoginResult.swift in Sources */ = {isa = PBXBuildFile; fileRef = C18CA7FA289D40B3001BFCFB /* LoginResult.swift */; };
		C18CA7FD289D40C2001BFCFB /* User.swift in Sources */ = {isa = PBXBuildFile; fileRef = C18CA7FC289D40C2001BFCFB /* User.swift */; };
		C18CA800289D412D001BFCFB /* AuthRequestFactory.swift in Sources */ = {isa = PBXBuildFile; fileRef = C18CA7FF289D412D001BFCFB /* AuthRequestFactory.swift */; };
		C18CA802289D4160001BFCFB /* Auth.swift in Sources */ = {isa = PBXBuildFile; fileRef = C18CA801289D4160001BFCFB /* Auth.swift */; };
		C18CA804289D424D001BFCFB /* RequestFactory.swift in Sources */ = {isa = PBXBuildFile; fileRef = C18CA803289D424D001BFCFB /* RequestFactory.swift */; };
		C1D208A0289FECA000D5CC55 /* LogoutResult.swift in Sources */ = {isa = PBXBuildFile; fileRef = C1D2089F289FECA000D5CC55 /* LogoutResult.swift */; };
		C1D208A2289FED8600D5CC55 /* LogoutRequestFactory.swift in Sources */ = {isa = PBXBuildFile; fileRef = C1D208A1289FED8600D5CC55 /* LogoutRequestFactory.swift */; };
		C1D208A4289FEE2E00D5CC55 /* Logout.swift in Sources */ = {isa = PBXBuildFile; fileRef = C1D208A3289FEE2E00D5CC55 /* Logout.swift */; };
/* End PBXBuildFile section */

/* Begin PBXContainerItemProxy section */
		C1748D05289BAB10003D787B /* PBXContainerItemProxy */ = {
			isa = PBXContainerItemProxy;
			containerPortal = C1748CE6289BAB0D003D787B /* Project object */;
			proxyType = 1;
			remoteGlobalIDString = C1748CED289BAB0D003D787B;
			remoteInfo = GBShop;
		};
		C1748D0F289BAB10003D787B /* PBXContainerItemProxy */ = {
			isa = PBXContainerItemProxy;
			containerPortal = C1748CE6289BAB0D003D787B /* Project object */;
			proxyType = 1;
			remoteGlobalIDString = C1748CED289BAB0D003D787B;
			remoteInfo = GBShop;
		};
/* End PBXContainerItemProxy section */

/* Begin PBXFileReference section */
		0264BE49389FFBF518EBA9D1 /* Pods-GBShop.debug.xcconfig */ = {isa = PBXFileReference; includeInIndex = 1; lastKnownFileType = text.xcconfig; name = "Pods-GBShop.debug.xcconfig"; path = "Target Support Files/Pods-GBShop/Pods-GBShop.debug.xcconfig"; sourceTree = "<group>"; };
		2D77B067C43CEA987445B3E7 /* Pods-GBShop.release.xcconfig */ = {isa = PBXFileReference; includeInIndex = 1; lastKnownFileType = text.xcconfig; name = "Pods-GBShop.release.xcconfig"; path = "Target Support Files/Pods-GBShop/Pods-GBShop.release.xcconfig"; sourceTree = "<group>"; };
		6C1A7033D68150014B453A8C /* Pods-GBShopTests.release.xcconfig */ = {isa = PBXFileReference; includeInIndex = 1; lastKnownFileType = text.xcconfig; name = "Pods-GBShopTests.release.xcconfig"; path = "Target Support Files/Pods-GBShopTests/Pods-GBShopTests.release.xcconfig"; sourceTree = "<group>"; };
		8CBC3B4C099BF412FC1E949F /* Pods-GBShop-GBShopUITests.debug.xcconfig */ = {isa = PBXFileReference; includeInIndex = 1; lastKnownFileType = text.xcconfig; name = "Pods-GBShop-GBShopUITests.debug.xcconfig"; path = "Target Support Files/Pods-GBShop-GBShopUITests/Pods-GBShop-GBShopUITests.debug.xcconfig"; sourceTree = "<group>"; };
		900802939EBB58445CB8852D /* Pods_GBShop.framework */ = {isa = PBXFileReference; explicitFileType = wrapper.framework; includeInIndex = 0; path = Pods_GBShop.framework; sourceTree = BUILT_PRODUCTS_DIR; };
		BB7EFE3298121863DDDF5857 /* Pods-GBShop-GBShopUITests.release.xcconfig */ = {isa = PBXFileReference; includeInIndex = 1; lastKnownFileType = text.xcconfig; name = "Pods-GBShop-GBShopUITests.release.xcconfig"; path = "Target Support Files/Pods-GBShop-GBShopUITests/Pods-GBShop-GBShopUITests.release.xcconfig"; sourceTree = "<group>"; };
		C1748CEE289BAB0D003D787B /* GBShop.app */ = {isa = PBXFileReference; explicitFileType = wrapper.application; includeInIndex = 0; path = GBShop.app; sourceTree = BUILT_PRODUCTS_DIR; };
		C1748CF1289BAB0D003D787B /* AppDelegate.swift */ = {isa = PBXFileReference; lastKnownFileType = sourcecode.swift; path = AppDelegate.swift; sourceTree = "<group>"; };
		C1748CFA289BAB10003D787B /* Assets.xcassets */ = {isa = PBXFileReference; lastKnownFileType = folder.assetcatalog; path = Assets.xcassets; sourceTree = "<group>"; };
		C1748CFD289BAB10003D787B /* Base */ = {isa = PBXFileReference; lastKnownFileType = file.storyboard; name = Base; path = Base.lproj/LaunchScreen.storyboard; sourceTree = "<group>"; };
		C1748CFF289BAB10003D787B /* Info.plist */ = {isa = PBXFileReference; lastKnownFileType = text.plist.xml; path = Info.plist; sourceTree = "<group>"; };
		C1748D04289BAB10003D787B /* GBShopTests.xctest */ = {isa = PBXFileReference; explicitFileType = wrapper.cfbundle; includeInIndex = 0; path = GBShopTests.xctest; sourceTree = BUILT_PRODUCTS_DIR; };
		C1748D08289BAB10003D787B /* GBShopTests.swift */ = {isa = PBXFileReference; lastKnownFileType = sourcecode.swift; path = GBShopTests.swift; sourceTree = "<group>"; };
		C1748D0E289BAB10003D787B /* GBShopUITests.xctest */ = {isa = PBXFileReference; explicitFileType = wrapper.cfbundle; includeInIndex = 0; path = GBShopUITests.xctest; sourceTree = BUILT_PRODUCTS_DIR; };
		C1748D12289BAB10003D787B /* GBShopUITests.swift */ = {isa = PBXFileReference; lastKnownFileType = sourcecode.swift; path = GBShopUITests.swift; sourceTree = "<group>"; };
		C1748D14289BAB10003D787B /* GBShopUITestsLaunchTests.swift */ = {isa = PBXFileReference; lastKnownFileType = sourcecode.swift; path = GBShopUITestsLaunchTests.swift; sourceTree = "<group>"; };
		C18CA7F2289D017E001BFCFB /* AbstractErrorParser.swift */ = {isa = PBXFileReference; lastKnownFileType = sourcecode.swift; path = AbstractErrorParser.swift; sourceTree = "<group>"; };
		C18CA7F4289D0198001BFCFB /* DataRequest.swift */ = {isa = PBXFileReference; lastKnownFileType = sourcecode.swift; path = DataRequest.swift; sourceTree = "<group>"; };
		C18CA7F6289D3526001BFCFB /* ErrorParser.swift */ = {isa = PBXFileReference; lastKnownFileType = sourcecode.swift; path = ErrorParser.swift; sourceTree = "<group>"; };
		C18CA7F8289D3B68001BFCFB /* RequestRouter.swift */ = {isa = PBXFileReference; lastKnownFileType = sourcecode.swift; path = RequestRouter.swift; sourceTree = "<group>"; };
		C18CA7FA289D40B3001BFCFB /* LoginResult.swift */ = {isa = PBXFileReference; lastKnownFileType = sourcecode.swift; path = LoginResult.swift; sourceTree = "<group>"; };
		C18CA7FC289D40C2001BFCFB /* User.swift */ = {isa = PBXFileReference; lastKnownFileType = sourcecode.swift; path = User.swift; sourceTree = "<group>"; };
		C18CA7FF289D412D001BFCFB /* AuthRequestFactory.swift */ = {isa = PBXFileReference; lastKnownFileType = sourcecode.swift; path = AuthRequestFactory.swift; sourceTree = "<group>"; };
		C18CA801289D4160001BFCFB /* Auth.swift */ = {isa = PBXFileReference; lastKnownFileType = sourcecode.swift; path = Auth.swift; sourceTree = "<group>"; };
		C18CA803289D424D001BFCFB /* RequestFactory.swift */ = {isa = PBXFileReference; lastKnownFileType = sourcecode.swift; path = RequestFactory.swift; sourceTree = "<group>"; };
		C1D2089F289FECA000D5CC55 /* LogoutResult.swift */ = {isa = PBXFileReference; lastKnownFileType = sourcecode.swift; path = LogoutResult.swift; sourceTree = "<group>"; };
		C1D208A1289FED8600D5CC55 /* LogoutRequestFactory.swift */ = {isa = PBXFileReference; lastKnownFileType = sourcecode.swift; path = LogoutRequestFactory.swift; sourceTree = "<group>"; };
		C1D208A3289FEE2E00D5CC55 /* Logout.swift */ = {isa = PBXFileReference; lastKnownFileType = sourcecode.swift; path = Logout.swift; sourceTree = "<group>"; };
		E0E52BC9F4102D5C6C12A905 /* Pods_GBShopTests.framework */ = {isa = PBXFileReference; explicitFileType = wrapper.framework; includeInIndex = 0; path = Pods_GBShopTests.framework; sourceTree = BUILT_PRODUCTS_DIR; };
		E2245458AADF0903C6EAFB57 /* Pods_GBShop_GBShopUITests.framework */ = {isa = PBXFileReference; explicitFileType = wrapper.framework; includeInIndex = 0; path = Pods_GBShop_GBShopUITests.framework; sourceTree = BUILT_PRODUCTS_DIR; };
		EEAEF82D23BEC3175B0C446C /* Pods-GBShopTests.debug.xcconfig */ = {isa = PBXFileReference; includeInIndex = 1; lastKnownFileType = text.xcconfig; name = "Pods-GBShopTests.debug.xcconfig"; path = "Target Support Files/Pods-GBShopTests/Pods-GBShopTests.debug.xcconfig"; sourceTree = "<group>"; };
/* End PBXFileReference section */

/* Begin PBXFrameworksBuildPhase section */
		C1748CEB289BAB0D003D787B /* Frameworks */ = {
			isa = PBXFrameworksBuildPhase;
			buildActionMask = 2147483647;
			files = (
				198CCD9B9C2269A010C919CA /* Pods_GBShop.framework in Frameworks */,
			);
			runOnlyForDeploymentPostprocessing = 0;
		};
		C1748D01289BAB10003D787B /* Frameworks */ = {
			isa = PBXFrameworksBuildPhase;
			buildActionMask = 2147483647;
			files = (
				9B37B5DC75E55B2DD8863F43 /* Pods_GBShopTests.framework in Frameworks */,
			);
			runOnlyForDeploymentPostprocessing = 0;
		};
		C1748D0B289BAB10003D787B /* Frameworks */ = {
			isa = PBXFrameworksBuildPhase;
			buildActionMask = 2147483647;
			files = (
				2375896951660D71713D1C2D /* Pods_GBShop_GBShopUITests.framework in Frameworks */,
			);
			runOnlyForDeploymentPostprocessing = 0;
		};
/* End PBXFrameworksBuildPhase section */

/* Begin PBXGroup section */
		3715570D20ADBBC72F9CE08D /* Pods */ = {
			isa = PBXGroup;
			children = (
				0264BE49389FFBF518EBA9D1 /* Pods-GBShop.debug.xcconfig */,
				2D77B067C43CEA987445B3E7 /* Pods-GBShop.release.xcconfig */,
				8CBC3B4C099BF412FC1E949F /* Pods-GBShop-GBShopUITests.debug.xcconfig */,
				BB7EFE3298121863DDDF5857 /* Pods-GBShop-GBShopUITests.release.xcconfig */,
				EEAEF82D23BEC3175B0C446C /* Pods-GBShopTests.debug.xcconfig */,
				6C1A7033D68150014B453A8C /* Pods-GBShopTests.release.xcconfig */,
			);
			path = Pods;
			sourceTree = "<group>";
		};
		C1748CE5289BAB0D003D787B = {
			isa = PBXGroup;
			children = (
				C1748CF0289BAB0D003D787B /* GBShop */,
				C1748D07289BAB10003D787B /* GBShopTests */,
				C1748D11289BAB10003D787B /* GBShopUITests */,
				C1748CEF289BAB0D003D787B /* Products */,
				3715570D20ADBBC72F9CE08D /* Pods */,
				EDFE16864D7598F028C7D2E9 /* Frameworks */,
			);
			sourceTree = "<group>";
		};
		C1748CEF289BAB0D003D787B /* Products */ = {
			isa = PBXGroup;
			children = (
				C1748CEE289BAB0D003D787B /* GBShop.app */,
				C1748D04289BAB10003D787B /* GBShopTests.xctest */,
				C1748D0E289BAB10003D787B /* GBShopUITests.xctest */,
			);
			name = Products;
			sourceTree = "<group>";
		};
		C1748CF0289BAB0D003D787B /* GBShop */ = {
			isa = PBXGroup;
			children = (
				C1748D21289BAD60003D787B /* App */,
				C1748D26289BADBA003D787B /* Core */,
				C1748D27289BADC2003D787B /* Resources */,
				C1748D28289BADD2003D787B /* Environments */,
			);
			path = GBShop;
			sourceTree = "<group>";
		};
		C1748D07289BAB10003D787B /* GBShopTests */ = {
			isa = PBXGroup;
			children = (
				C1748D08289BAB10003D787B /* GBShopTests.swift */,
			);
			path = GBShopTests;
			sourceTree = "<group>";
		};
		C1748D11289BAB10003D787B /* GBShopUITests */ = {
			isa = PBXGroup;
			children = (
				C1748D12289BAB10003D787B /* GBShopUITests.swift */,
				C1748D14289BAB10003D787B /* GBShopUITestsLaunchTests.swift */,
			);
			path = GBShopUITests;
			sourceTree = "<group>";
		};
		C1748D21289BAD60003D787B /* App */ = {
			isa = PBXGroup;
			children = (
				C1748CF1289BAB0D003D787B /* AppDelegate.swift */,
				C1748D22289BAD6C003D787B /* BusinessLogic */,
				C1748D23289BAD7F003D787B /* Entity */,
				C1748D24289BAD8B003D787B /* Assembly */,
				C1748D25289BAD9A003D787B /* Flows */,
			);
			path = App;
			sourceTree = "<group>";
		};
		C1748D22289BAD6C003D787B /* BusinessLogic */ = {
			isa = PBXGroup;
			children = (
				C18CA7FE289D4118001BFCFB /* Network */,
			);
			path = BusinessLogic;
			sourceTree = "<group>";
		};
		C1748D23289BAD7F003D787B /* Entity */ = {
			isa = PBXGroup;
			children = (
				C18CA7FA289D40B3001BFCFB /* LoginResult.swift */,
				C18CA7FC289D40C2001BFCFB /* User.swift */,
				C1D2089F289FECA000D5CC55 /* LogoutResult.swift */,
			);
			path = Entity;
			sourceTree = "<group>";
		};
		C1748D24289BAD8B003D787B /* Assembly */ = {
			isa = PBXGroup;
			children = (
			);
			path = Assembly;
			sourceTree = "<group>";
		};
		C1748D25289BAD9A003D787B /* Flows */ = {
			isa = PBXGroup;
			children = (
			);
			path = Flows;
			sourceTree = "<group>";
		};
		C1748D26289BADBA003D787B /* Core */ = {
			isa = PBXGroup;
			children = (
				C18CA7F1289D016B001BFCFB /* Network */,
			);
			path = Core;
			sourceTree = "<group>";
		};
		C1748D27289BADC2003D787B /* Resources */ = {
			isa = PBXGroup;
			children = (
				C1748CFC289BAB10003D787B /* LaunchScreen.storyboard */,
				C1748CFA289BAB10003D787B /* Assets.xcassets */,
			);
			path = Resources;
			sourceTree = "<group>";
		};
		C1748D28289BADD2003D787B /* Environments */ = {
			isa = PBXGroup;
			children = (
				C1748CFF289BAB10003D787B /* Info.plist */,
			);
			path = Environments;
			sourceTree = "<group>";
		};
		C18CA7F1289D016B001BFCFB /* Network */ = {
			isa = PBXGroup;
			children = (
				C18CA7F2289D017E001BFCFB /* AbstractErrorParser.swift */,
				C18CA7F4289D0198001BFCFB /* DataRequest.swift */,
				C18CA7F6289D3526001BFCFB /* ErrorParser.swift */,
				C18CA7F8289D3B68001BFCFB /* RequestRouter.swift */,
			);
			path = Network;
			sourceTree = "<group>";
		};
		C18CA7FE289D4118001BFCFB /* Network */ = {
			isa = PBXGroup;
			children = (
				C18CA7FF289D412D001BFCFB /* AuthRequestFactory.swift */,
				C18CA801289D4160001BFCFB /* Auth.swift */,
				C1D208A1289FED8600D5CC55 /* LogoutRequestFactory.swift */,
				C1D208A3289FEE2E00D5CC55 /* Logout.swift */,
				C18CA803289D424D001BFCFB /* RequestFactory.swift */,
			);
			path = Network;
			sourceTree = "<group>";
		};
		EDFE16864D7598F028C7D2E9 /* Frameworks */ = {
			isa = PBXGroup;
			children = (
				900802939EBB58445CB8852D /* Pods_GBShop.framework */,
				E2245458AADF0903C6EAFB57 /* Pods_GBShop_GBShopUITests.framework */,
				E0E52BC9F4102D5C6C12A905 /* Pods_GBShopTests.framework */,
			);
			name = Frameworks;
			sourceTree = "<group>";
		};
/* End PBXGroup section */

/* Begin PBXNativeTarget section */
		C1748CED289BAB0D003D787B /* GBShop */ = {
			isa = PBXNativeTarget;
			buildConfigurationList = C1748D18289BAB10003D787B /* Build configuration list for PBXNativeTarget "GBShop" */;
			buildPhases = (
				075D65FF03B9C2477F8A126E /* [CP] Check Pods Manifest.lock */,
				C1748CEA289BAB0D003D787B /* Sources */,
				C1748CEB289BAB0D003D787B /* Frameworks */,
				C1748CEC289BAB0D003D787B /* Resources */,
				783B552DB58363D742BC0B87 /* [CP] Embed Pods Frameworks */,
			);
			buildRules = (
			);
			dependencies = (
			);
			name = GBShop;
			productName = GBShop;
			productReference = C1748CEE289BAB0D003D787B /* GBShop.app */;
			productType = "com.apple.product-type.application";
		};
		C1748D03289BAB10003D787B /* GBShopTests */ = {
			isa = PBXNativeTarget;
			buildConfigurationList = C1748D1B289BAB10003D787B /* Build configuration list for PBXNativeTarget "GBShopTests" */;
			buildPhases = (
				E3175C01F25092AE6F37B695 /* [CP] Check Pods Manifest.lock */,
				C1748D00289BAB10003D787B /* Sources */,
				C1748D01289BAB10003D787B /* Frameworks */,
				C1748D02289BAB10003D787B /* Resources */,
			);
			buildRules = (
			);
			dependencies = (
				C1748D06289BAB10003D787B /* PBXTargetDependency */,
			);
			name = GBShopTests;
			productName = GBShopTests;
			productReference = C1748D04289BAB10003D787B /* GBShopTests.xctest */;
			productType = "com.apple.product-type.bundle.unit-test";
		};
		C1748D0D289BAB10003D787B /* GBShopUITests */ = {
			isa = PBXNativeTarget;
			buildConfigurationList = C1748D1E289BAB10003D787B /* Build configuration list for PBXNativeTarget "GBShopUITests" */;
			buildPhases = (
				C635CBD49B3701212369AB87 /* [CP] Check Pods Manifest.lock */,
				C1748D0A289BAB10003D787B /* Sources */,
				C1748D0B289BAB10003D787B /* Frameworks */,
				C1748D0C289BAB10003D787B /* Resources */,
				D5CCCB75990186D8BE0B3914 /* [CP] Embed Pods Frameworks */,
			);
			buildRules = (
			);
			dependencies = (
				C1748D10289BAB10003D787B /* PBXTargetDependency */,
			);
			name = GBShopUITests;
			productName = GBShopUITests;
			productReference = C1748D0E289BAB10003D787B /* GBShopUITests.xctest */;
			productType = "com.apple.product-type.bundle.ui-testing";
		};
/* End PBXNativeTarget section */

/* Begin PBXProject section */
		C1748CE6289BAB0D003D787B /* Project object */ = {
			isa = PBXProject;
			attributes = {
				BuildIndependentTargetsInParallel = 1;
				LastSwiftUpdateCheck = 1330;
				LastUpgradeCheck = 1330;
				TargetAttributes = {
					C1748CED289BAB0D003D787B = {
						CreatedOnToolsVersion = 13.3.1;
					};
					C1748D03289BAB10003D787B = {
						CreatedOnToolsVersion = 13.3.1;
						TestTargetID = C1748CED289BAB0D003D787B;
					};
					C1748D0D289BAB10003D787B = {
						CreatedOnToolsVersion = 13.3.1;
						TestTargetID = C1748CED289BAB0D003D787B;
					};
				};
			};
			buildConfigurationList = C1748CE9289BAB0D003D787B /* Build configuration list for PBXProject "GBShop" */;
			compatibilityVersion = "Xcode 13.0";
			developmentRegion = en;
			hasScannedForEncodings = 0;
			knownRegions = (
				en,
				Base,
			);
			mainGroup = C1748CE5289BAB0D003D787B;
			productRefGroup = C1748CEF289BAB0D003D787B /* Products */;
			projectDirPath = "";
			projectRoot = "";
			targets = (
				C1748CED289BAB0D003D787B /* GBShop */,
				C1748D03289BAB10003D787B /* GBShopTests */,
				C1748D0D289BAB10003D787B /* GBShopUITests */,
			);
		};
/* End PBXProject section */

/* Begin PBXResourcesBuildPhase section */
		C1748CEC289BAB0D003D787B /* Resources */ = {
			isa = PBXResourcesBuildPhase;
			buildActionMask = 2147483647;
			files = (
				C1748CFE289BAB10003D787B /* LaunchScreen.storyboard in Resources */,
				C1748CFB289BAB10003D787B /* Assets.xcassets in Resources */,
			);
			runOnlyForDeploymentPostprocessing = 0;
		};
		C1748D02289BAB10003D787B /* Resources */ = {
			isa = PBXResourcesBuildPhase;
			buildActionMask = 2147483647;
			files = (
			);
			runOnlyForDeploymentPostprocessing = 0;
		};
		C1748D0C289BAB10003D787B /* Resources */ = {
			isa = PBXResourcesBuildPhase;
			buildActionMask = 2147483647;
			files = (
			);
			runOnlyForDeploymentPostprocessing = 0;
		};
/* End PBXResourcesBuildPhase section */

/* Begin PBXShellScriptBuildPhase section */
		075D65FF03B9C2477F8A126E /* [CP] Check Pods Manifest.lock */ = {
			isa = PBXShellScriptBuildPhase;
			buildActionMask = 2147483647;
			files = (
			);
			inputFileListPaths = (
			);
			inputPaths = (
				"${PODS_PODFILE_DIR_PATH}/Podfile.lock",
				"${PODS_ROOT}/Manifest.lock",
			);
			name = "[CP] Check Pods Manifest.lock";
			outputFileListPaths = (
			);
			outputPaths = (
				"$(DERIVED_FILE_DIR)/Pods-GBShop-checkManifestLockResult.txt",
			);
			runOnlyForDeploymentPostprocessing = 0;
			shellPath = /bin/sh;
			shellScript = "diff \"${PODS_PODFILE_DIR_PATH}/Podfile.lock\" \"${PODS_ROOT}/Manifest.lock\" > /dev/null\nif [ $? != 0 ] ; then\n    # print error to STDERR\n    echo \"error: The sandbox is not in sync with the Podfile.lock. Run 'pod install' or update your CocoaPods installation.\" >&2\n    exit 1\nfi\n# This output is used by Xcode 'outputs' to avoid re-running this script phase.\necho \"SUCCESS\" > \"${SCRIPT_OUTPUT_FILE_0}\"\n";
			showEnvVarsInLog = 0;
		};
		783B552DB58363D742BC0B87 /* [CP] Embed Pods Frameworks */ = {
			isa = PBXShellScriptBuildPhase;
			buildActionMask = 2147483647;
			files = (
			);
			inputFileListPaths = (
				"${PODS_ROOT}/Target Support Files/Pods-GBShop/Pods-GBShop-frameworks-${CONFIGURATION}-input-files.xcfilelist",
			);
			name = "[CP] Embed Pods Frameworks";
			outputFileListPaths = (
				"${PODS_ROOT}/Target Support Files/Pods-GBShop/Pods-GBShop-frameworks-${CONFIGURATION}-output-files.xcfilelist",
			);
			runOnlyForDeploymentPostprocessing = 0;
			shellPath = /bin/sh;
			shellScript = "\"${PODS_ROOT}/Target Support Files/Pods-GBShop/Pods-GBShop-frameworks.sh\"\n";
			showEnvVarsInLog = 0;
		};
		C635CBD49B3701212369AB87 /* [CP] Check Pods Manifest.lock */ = {
			isa = PBXShellScriptBuildPhase;
			buildActionMask = 2147483647;
			files = (
			);
			inputFileListPaths = (
			);
			inputPaths = (
				"${PODS_PODFILE_DIR_PATH}/Podfile.lock",
				"${PODS_ROOT}/Manifest.lock",
			);
			name = "[CP] Check Pods Manifest.lock";
			outputFileListPaths = (
			);
			outputPaths = (
				"$(DERIVED_FILE_DIR)/Pods-GBShop-GBShopUITests-checkManifestLockResult.txt",
			);
			runOnlyForDeploymentPostprocessing = 0;
			shellPath = /bin/sh;
			shellScript = "diff \"${PODS_PODFILE_DIR_PATH}/Podfile.lock\" \"${PODS_ROOT}/Manifest.lock\" > /dev/null\nif [ $? != 0 ] ; then\n    # print error to STDERR\n    echo \"error: The sandbox is not in sync with the Podfile.lock. Run 'pod install' or update your CocoaPods installation.\" >&2\n    exit 1\nfi\n# This output is used by Xcode 'outputs' to avoid re-running this script phase.\necho \"SUCCESS\" > \"${SCRIPT_OUTPUT_FILE_0}\"\n";
			showEnvVarsInLog = 0;
		};
		D5CCCB75990186D8BE0B3914 /* [CP] Embed Pods Frameworks */ = {
			isa = PBXShellScriptBuildPhase;
			buildActionMask = 2147483647;
			files = (
			);
			inputFileListPaths = (
				"${PODS_ROOT}/Target Support Files/Pods-GBShop-GBShopUITests/Pods-GBShop-GBShopUITests-frameworks-${CONFIGURATION}-input-files.xcfilelist",
			);
			name = "[CP] Embed Pods Frameworks";
			outputFileListPaths = (
				"${PODS_ROOT}/Target Support Files/Pods-GBShop-GBShopUITests/Pods-GBShop-GBShopUITests-frameworks-${CONFIGURATION}-output-files.xcfilelist",
			);
			runOnlyForDeploymentPostprocessing = 0;
			shellPath = /bin/sh;
			shellScript = "\"${PODS_ROOT}/Target Support Files/Pods-GBShop-GBShopUITests/Pods-GBShop-GBShopUITests-frameworks.sh\"\n";
			showEnvVarsInLog = 0;
		};
		E3175C01F25092AE6F37B695 /* [CP] Check Pods Manifest.lock */ = {
			isa = PBXShellScriptBuildPhase;
			buildActionMask = 2147483647;
			files = (
			);
			inputFileListPaths = (
			);
			inputPaths = (
				"${PODS_PODFILE_DIR_PATH}/Podfile.lock",
				"${PODS_ROOT}/Manifest.lock",
			);
			name = "[CP] Check Pods Manifest.lock";
			outputFileListPaths = (
			);
			outputPaths = (
				"$(DERIVED_FILE_DIR)/Pods-GBShopTests-checkManifestLockResult.txt",
			);
			runOnlyForDeploymentPostprocessing = 0;
			shellPath = /bin/sh;
			shellScript = "diff \"${PODS_PODFILE_DIR_PATH}/Podfile.lock\" \"${PODS_ROOT}/Manifest.lock\" > /dev/null\nif [ $? != 0 ] ; then\n    # print error to STDERR\n    echo \"error: The sandbox is not in sync with the Podfile.lock. Run 'pod install' or update your CocoaPods installation.\" >&2\n    exit 1\nfi\n# This output is used by Xcode 'outputs' to avoid re-running this script phase.\necho \"SUCCESS\" > \"${SCRIPT_OUTPUT_FILE_0}\"\n";
			showEnvVarsInLog = 0;
		};
/* End PBXShellScriptBuildPhase section */

/* Begin PBXSourcesBuildPhase section */
		C1748CEA289BAB0D003D787B /* Sources */ = {
			isa = PBXSourcesBuildPhase;
			buildActionMask = 2147483647;
			files = (
				C1D208A2289FED8600D5CC55 /* LogoutRequestFactory.swift in Sources */,
				C18CA7FB289D40B3001BFCFB /* LoginResult.swift in Sources */,
				C1D208A0289FECA000D5CC55 /* LogoutResult.swift in Sources */,
				C18CA7F5289D0198001BFCFB /* DataRequest.swift in Sources */,
				C18CA7F9289D3B68001BFCFB /* RequestRouter.swift in Sources */,
				C1D208A4289FEE2E00D5CC55 /* Logout.swift in Sources */,
				C1748CF2289BAB0D003D787B /* AppDelegate.swift in Sources */,
				C18CA7F3289D017E001BFCFB /* AbstractErrorParser.swift in Sources */,
				C18CA7F7289D3526001BFCFB /* ErrorParser.swift in Sources */,
				C18CA804289D424D001BFCFB /* RequestFactory.swift in Sources */,
				C18CA800289D412D001BFCFB /* AuthRequestFactory.swift in Sources */,
				C18CA7FD289D40C2001BFCFB /* User.swift in Sources */,
				C18CA802289D4160001BFCFB /* Auth.swift in Sources */,
			);
			runOnlyForDeploymentPostprocessing = 0;
		};
		C1748D00289BAB10003D787B /* Sources */ = {
			isa = PBXSourcesBuildPhase;
			buildActionMask = 2147483647;
			files = (
				C1748D09289BAB10003D787B /* GBShopTests.swift in Sources */,
			);
			runOnlyForDeploymentPostprocessing = 0;
		};
		C1748D0A289BAB10003D787B /* Sources */ = {
			isa = PBXSourcesBuildPhase;
			buildActionMask = 2147483647;
			files = (
				C1748D13289BAB10003D787B /* GBShopUITests.swift in Sources */,
				C1748D15289BAB10003D787B /* GBShopUITestsLaunchTests.swift in Sources */,
			);
			runOnlyForDeploymentPostprocessing = 0;
		};
/* End PBXSourcesBuildPhase section */

/* Begin PBXTargetDependency section */
		C1748D06289BAB10003D787B /* PBXTargetDependency */ = {
			isa = PBXTargetDependency;
			target = C1748CED289BAB0D003D787B /* GBShop */;
			targetProxy = C1748D05289BAB10003D787B /* PBXContainerItemProxy */;
		};
		C1748D10289BAB10003D787B /* PBXTargetDependency */ = {
			isa = PBXTargetDependency;
			target = C1748CED289BAB0D003D787B /* GBShop */;
			targetProxy = C1748D0F289BAB10003D787B /* PBXContainerItemProxy */;
		};
/* End PBXTargetDependency section */

/* Begin PBXVariantGroup section */
		C1748CFC289BAB10003D787B /* LaunchScreen.storyboard */ = {
			isa = PBXVariantGroup;
			children = (
				C1748CFD289BAB10003D787B /* Base */,
			);
			name = LaunchScreen.storyboard;
			sourceTree = "<group>";
		};
/* End PBXVariantGroup section */

/* Begin XCBuildConfiguration section */
		C1748D16289BAB10003D787B /* Debug */ = {
			isa = XCBuildConfiguration;
			buildSettings = {
				ALWAYS_SEARCH_USER_PATHS = NO;
				CLANG_ANALYZER_NONNULL = YES;
				CLANG_ANALYZER_NUMBER_OBJECT_CONVERSION = YES_AGGRESSIVE;
				CLANG_CXX_LANGUAGE_STANDARD = "gnu++17";
				CLANG_ENABLE_MODULES = YES;
				CLANG_ENABLE_OBJC_ARC = YES;
				CLANG_ENABLE_OBJC_WEAK = YES;
				CLANG_WARN_BLOCK_CAPTURE_AUTORELEASING = YES;
				CLANG_WARN_BOOL_CONVERSION = YES;
				CLANG_WARN_COMMA = YES;
				CLANG_WARN_CONSTANT_CONVERSION = YES;
				CLANG_WARN_DEPRECATED_OBJC_IMPLEMENTATIONS = YES;
				CLANG_WARN_DIRECT_OBJC_ISA_USAGE = YES_ERROR;
				CLANG_WARN_DOCUMENTATION_COMMENTS = YES;
				CLANG_WARN_EMPTY_BODY = YES;
				CLANG_WARN_ENUM_CONVERSION = YES;
				CLANG_WARN_INFINITE_RECURSION = YES;
				CLANG_WARN_INT_CONVERSION = YES;
				CLANG_WARN_NON_LITERAL_NULL_CONVERSION = YES;
				CLANG_WARN_OBJC_IMPLICIT_RETAIN_SELF = YES;
				CLANG_WARN_OBJC_LITERAL_CONVERSION = YES;
				CLANG_WARN_OBJC_ROOT_CLASS = YES_ERROR;
				CLANG_WARN_QUOTED_INCLUDE_IN_FRAMEWORK_HEADER = YES;
				CLANG_WARN_RANGE_LOOP_ANALYSIS = YES;
				CLANG_WARN_STRICT_PROTOTYPES = YES;
				CLANG_WARN_SUSPICIOUS_MOVE = YES;
				CLANG_WARN_UNGUARDED_AVAILABILITY = YES_AGGRESSIVE;
				CLANG_WARN_UNREACHABLE_CODE = YES;
				CLANG_WARN__DUPLICATE_METHOD_MATCH = YES;
				COPY_PHASE_STRIP = NO;
				DEBUG_INFORMATION_FORMAT = dwarf;
				ENABLE_STRICT_OBJC_MSGSEND = YES;
				ENABLE_TESTABILITY = YES;
				GCC_C_LANGUAGE_STANDARD = gnu11;
				GCC_DYNAMIC_NO_PIC = NO;
				GCC_NO_COMMON_BLOCKS = YES;
				GCC_OPTIMIZATION_LEVEL = 0;
				GCC_PREPROCESSOR_DEFINITIONS = (
					"DEBUG=1",
					"$(inherited)",
				);
				GCC_WARN_64_TO_32_BIT_CONVERSION = YES;
				GCC_WARN_ABOUT_RETURN_TYPE = YES_ERROR;
				GCC_WARN_UNDECLARED_SELECTOR = YES;
				GCC_WARN_UNINITIALIZED_AUTOS = YES_AGGRESSIVE;
				GCC_WARN_UNUSED_FUNCTION = YES;
				GCC_WARN_UNUSED_VARIABLE = YES;
				IPHONEOS_DEPLOYMENT_TARGET = 15.4;
				MTL_ENABLE_DEBUG_INFO = INCLUDE_SOURCE;
				MTL_FAST_MATH = YES;
				ONLY_ACTIVE_ARCH = YES;
				SDKROOT = iphoneos;
				SWIFT_ACTIVE_COMPILATION_CONDITIONS = DEBUG;
				SWIFT_OPTIMIZATION_LEVEL = "-Onone";
			};
			name = Debug;
		};
		C1748D17289BAB10003D787B /* Release */ = {
			isa = XCBuildConfiguration;
			buildSettings = {
				ALWAYS_SEARCH_USER_PATHS = NO;
				CLANG_ANALYZER_NONNULL = YES;
				CLANG_ANALYZER_NUMBER_OBJECT_CONVERSION = YES_AGGRESSIVE;
				CLANG_CXX_LANGUAGE_STANDARD = "gnu++17";
				CLANG_ENABLE_MODULES = YES;
				CLANG_ENABLE_OBJC_ARC = YES;
				CLANG_ENABLE_OBJC_WEAK = YES;
				CLANG_WARN_BLOCK_CAPTURE_AUTORELEASING = YES;
				CLANG_WARN_BOOL_CONVERSION = YES;
				CLANG_WARN_COMMA = YES;
				CLANG_WARN_CONSTANT_CONVERSION = YES;
				CLANG_WARN_DEPRECATED_OBJC_IMPLEMENTATIONS = YES;
				CLANG_WARN_DIRECT_OBJC_ISA_USAGE = YES_ERROR;
				CLANG_WARN_DOCUMENTATION_COMMENTS = YES;
				CLANG_WARN_EMPTY_BODY = YES;
				CLANG_WARN_ENUM_CONVERSION = YES;
				CLANG_WARN_INFINITE_RECURSION = YES;
				CLANG_WARN_INT_CONVERSION = YES;
				CLANG_WARN_NON_LITERAL_NULL_CONVERSION = YES;
				CLANG_WARN_OBJC_IMPLICIT_RETAIN_SELF = YES;
				CLANG_WARN_OBJC_LITERAL_CONVERSION = YES;
				CLANG_WARN_OBJC_ROOT_CLASS = YES_ERROR;
				CLANG_WARN_QUOTED_INCLUDE_IN_FRAMEWORK_HEADER = YES;
				CLANG_WARN_RANGE_LOOP_ANALYSIS = YES;
				CLANG_WARN_STRICT_PROTOTYPES = YES;
				CLANG_WARN_SUSPICIOUS_MOVE = YES;
				CLANG_WARN_UNGUARDED_AVAILABILITY = YES_AGGRESSIVE;
				CLANG_WARN_UNREACHABLE_CODE = YES;
				CLANG_WARN__DUPLICATE_METHOD_MATCH = YES;
				COPY_PHASE_STRIP = NO;
				DEBUG_INFORMATION_FORMAT = "dwarf-with-dsym";
				ENABLE_NS_ASSERTIONS = NO;
				ENABLE_STRICT_OBJC_MSGSEND = YES;
				GCC_C_LANGUAGE_STANDARD = gnu11;
				GCC_NO_COMMON_BLOCKS = YES;
				GCC_WARN_64_TO_32_BIT_CONVERSION = YES;
				GCC_WARN_ABOUT_RETURN_TYPE = YES_ERROR;
				GCC_WARN_UNDECLARED_SELECTOR = YES;
				GCC_WARN_UNINITIALIZED_AUTOS = YES_AGGRESSIVE;
				GCC_WARN_UNUSED_FUNCTION = YES;
				GCC_WARN_UNUSED_VARIABLE = YES;
				IPHONEOS_DEPLOYMENT_TARGET = 15.4;
				MTL_ENABLE_DEBUG_INFO = NO;
				MTL_FAST_MATH = YES;
				SDKROOT = iphoneos;
				SWIFT_COMPILATION_MODE = wholemodule;
				SWIFT_OPTIMIZATION_LEVEL = "-O";
				VALIDATE_PRODUCT = YES;
			};
			name = Release;
		};
		C1748D19289BAB10003D787B /* Debug */ = {
			isa = XCBuildConfiguration;
			baseConfigurationReference = 0264BE49389FFBF518EBA9D1 /* Pods-GBShop.debug.xcconfig */;
			buildSettings = {
				ASSETCATALOG_COMPILER_APPICON_NAME = AppIcon;
				ASSETCATALOG_COMPILER_GLOBAL_ACCENT_COLOR_NAME = AccentColor;
				CODE_SIGN_STYLE = Automatic;
				CURRENT_PROJECT_VERSION = 1;
				DEVELOPMENT_TEAM = CK743H6YQY;
				GENERATE_INFOPLIST_FILE = YES;
				INFOPLIST_FILE = GBShop/Environments/Info.plist;
				INFOPLIST_KEY_UIApplicationSupportsIndirectInputEvents = YES;
				INFOPLIST_KEY_UILaunchStoryboardName = LaunchScreen;
				INFOPLIST_KEY_UIMainStoryboardFile = Main;
				INFOPLIST_KEY_UISupportedInterfaceOrientations_iPad = "UIInterfaceOrientationPortrait UIInterfaceOrientationPortraitUpsideDown UIInterfaceOrientationLandscapeLeft UIInterfaceOrientationLandscapeRight";
				INFOPLIST_KEY_UISupportedInterfaceOrientations_iPhone = "UIInterfaceOrientationPortrait UIInterfaceOrientationLandscapeLeft UIInterfaceOrientationLandscapeRight";
				LD_RUNPATH_SEARCH_PATHS = (
					"$(inherited)",
					"@executable_path/Frameworks",
				);
				MARKETING_VERSION = 1.0;
				PRODUCT_BUNDLE_IDENTIFIER = "com.losev-maksim.GBShop";
				PRODUCT_NAME = "$(TARGET_NAME)";
				SWIFT_EMIT_LOC_STRINGS = YES;
				SWIFT_VERSION = 5.0;
				TARGETED_DEVICE_FAMILY = "1,2";
			};
			name = Debug;
		};
		C1748D1A289BAB10003D787B /* Release */ = {
			isa = XCBuildConfiguration;
			baseConfigurationReference = 2D77B067C43CEA987445B3E7 /* Pods-GBShop.release.xcconfig */;
			buildSettings = {
				ASSETCATALOG_COMPILER_APPICON_NAME = AppIcon;
				ASSETCATALOG_COMPILER_GLOBAL_ACCENT_COLOR_NAME = AccentColor;
				CODE_SIGN_STYLE = Automatic;
				CURRENT_PROJECT_VERSION = 1;
				DEVELOPMENT_TEAM = CK743H6YQY;
				GENERATE_INFOPLIST_FILE = YES;
				INFOPLIST_FILE = GBShop/Environments/Info.plist;
				INFOPLIST_KEY_UIApplicationSupportsIndirectInputEvents = YES;
				INFOPLIST_KEY_UILaunchStoryboardName = LaunchScreen;
				INFOPLIST_KEY_UIMainStoryboardFile = Main;
				INFOPLIST_KEY_UISupportedInterfaceOrientations_iPad = "UIInterfaceOrientationPortrait UIInterfaceOrientationPortraitUpsideDown UIInterfaceOrientationLandscapeLeft UIInterfaceOrientationLandscapeRight";
				INFOPLIST_KEY_UISupportedInterfaceOrientations_iPhone = "UIInterfaceOrientationPortrait UIInterfaceOrientationLandscapeLeft UIInterfaceOrientationLandscapeRight";
				LD_RUNPATH_SEARCH_PATHS = (
					"$(inherited)",
					"@executable_path/Frameworks",
				);
				MARKETING_VERSION = 1.0;
				PRODUCT_BUNDLE_IDENTIFIER = "com.losev-maksim.GBShop";
				PRODUCT_NAME = "$(TARGET_NAME)";
				SWIFT_EMIT_LOC_STRINGS = YES;
				SWIFT_VERSION = 5.0;
				TARGETED_DEVICE_FAMILY = "1,2";
			};
			name = Release;
		};
		C1748D1C289BAB10003D787B /* Debug */ = {
			isa = XCBuildConfiguration;
			baseConfigurationReference = EEAEF82D23BEC3175B0C446C /* Pods-GBShopTests.debug.xcconfig */;
			buildSettings = {
				ALWAYS_EMBED_SWIFT_STANDARD_LIBRARIES = YES;
				BUNDLE_LOADER = "$(TEST_HOST)";
				CODE_SIGN_STYLE = Automatic;
				CURRENT_PROJECT_VERSION = 1;
				DEVELOPMENT_TEAM = CK743H6YQY;
				GENERATE_INFOPLIST_FILE = YES;
				IPHONEOS_DEPLOYMENT_TARGET = 15.4;
				MARKETING_VERSION = 1.0;
				PRODUCT_BUNDLE_IDENTIFIER = "com.losev-maksim.GBShopTests";
				PRODUCT_NAME = "$(TARGET_NAME)";
				SWIFT_EMIT_LOC_STRINGS = NO;
				SWIFT_VERSION = 5.0;
				TARGETED_DEVICE_FAMILY = "1,2";
				TEST_HOST = "$(BUILT_PRODUCTS_DIR)/GBShop.app/GBShop";
			};
			name = Debug;
		};
		C1748D1D289BAB10003D787B /* Release */ = {
			isa = XCBuildConfiguration;
			baseConfigurationReference = 6C1A7033D68150014B453A8C /* Pods-GBShopTests.release.xcconfig */;
			buildSettings = {
				ALWAYS_EMBED_SWIFT_STANDARD_LIBRARIES = YES;
				BUNDLE_LOADER = "$(TEST_HOST)";
				CODE_SIGN_STYLE = Automatic;
				CURRENT_PROJECT_VERSION = 1;
				DEVELOPMENT_TEAM = CK743H6YQY;
				GENERATE_INFOPLIST_FILE = YES;
				IPHONEOS_DEPLOYMENT_TARGET = 15.4;
				MARKETING_VERSION = 1.0;
				PRODUCT_BUNDLE_IDENTIFIER = "com.losev-maksim.GBShopTests";
				PRODUCT_NAME = "$(TARGET_NAME)";
				SWIFT_EMIT_LOC_STRINGS = NO;
				SWIFT_VERSION = 5.0;
				TARGETED_DEVICE_FAMILY = "1,2";
				TEST_HOST = "$(BUILT_PRODUCTS_DIR)/GBShop.app/GBShop";
			};
			name = Release;
		};
		C1748D1F289BAB10003D787B /* Debug */ = {
			isa = XCBuildConfiguration;
			baseConfigurationReference = 8CBC3B4C099BF412FC1E949F /* Pods-GBShop-GBShopUITests.debug.xcconfig */;
			buildSettings = {
				ALWAYS_EMBED_SWIFT_STANDARD_LIBRARIES = YES;
				CODE_SIGN_STYLE = Automatic;
				CURRENT_PROJECT_VERSION = 1;
				DEVELOPMENT_TEAM = CK743H6YQY;
				GENERATE_INFOPLIST_FILE = YES;
				MARKETING_VERSION = 1.0;
				PRODUCT_BUNDLE_IDENTIFIER = "com.losev-maksim.GBShopUITests";
				PRODUCT_NAME = "$(TARGET_NAME)";
				SWIFT_EMIT_LOC_STRINGS = NO;
				SWIFT_VERSION = 5.0;
				TARGETED_DEVICE_FAMILY = "1,2";
				TEST_TARGET_NAME = GBShop;
			};
			name = Debug;
		};
		C1748D20289BAB10003D787B /* Release */ = {
			isa = XCBuildConfiguration;
			baseConfigurationReference = BB7EFE3298121863DDDF5857 /* Pods-GBShop-GBShopUITests.release.xcconfig */;
			buildSettings = {
				ALWAYS_EMBED_SWIFT_STANDARD_LIBRARIES = YES;
				CODE_SIGN_STYLE = Automatic;
				CURRENT_PROJECT_VERSION = 1;
				DEVELOPMENT_TEAM = CK743H6YQY;
				GENERATE_INFOPLIST_FILE = YES;
				MARKETING_VERSION = 1.0;
				PRODUCT_BUNDLE_IDENTIFIER = "com.losev-maksim.GBShopUITests";
				PRODUCT_NAME = "$(TARGET_NAME)";
				SWIFT_EMIT_LOC_STRINGS = NO;
				SWIFT_VERSION = 5.0;
				TARGETED_DEVICE_FAMILY = "1,2";
				TEST_TARGET_NAME = GBShop;
			};
			name = Release;
		};
/* End XCBuildConfiguration section */

/* Begin XCConfigurationList section */
		C1748CE9289BAB0D003D787B /* Build configuration list for PBXProject "GBShop" */ = {
			isa = XCConfigurationList;
			buildConfigurations = (
				C1748D16289BAB10003D787B /* Debug */,
				C1748D17289BAB10003D787B /* Release */,
			);
			defaultConfigurationIsVisible = 0;
			defaultConfigurationName = Release;
		};
		C1748D18289BAB10003D787B /* Build configuration list for PBXNativeTarget "GBShop" */ = {
			isa = XCConfigurationList;
			buildConfigurations = (
				C1748D19289BAB10003D787B /* Debug */,
				C1748D1A289BAB10003D787B /* Release */,
			);
			defaultConfigurationIsVisible = 0;
			defaultConfigurationName = Release;
		};
		C1748D1B289BAB10003D787B /* Build configuration list for PBXNativeTarget "GBShopTests" */ = {
			isa = XCConfigurationList;
			buildConfigurations = (
				C1748D1C289BAB10003D787B /* Debug */,
				C1748D1D289BAB10003D787B /* Release */,
			);
			defaultConfigurationIsVisible = 0;
			defaultConfigurationName = Release;
		};
		C1748D1E289BAB10003D787B /* Build configuration list for PBXNativeTarget "GBShopUITests" */ = {
			isa = XCConfigurationList;
			buildConfigurations = (
				C1748D1F289BAB10003D787B /* Debug */,
				C1748D20289BAB10003D787B /* Release */,
			);
			defaultConfigurationIsVisible = 0;
			defaultConfigurationName = Release;
		};
/* End XCConfigurationList section */
	};
	rootObject = C1748CE6289BAB0D003D787B /* Project object */;
}
